
Microsoft Visual Studio Solution File, Format Version 12.00
# Visual Studio Version 17
VisualStudioVersion = 17.8.34309.116
MinimumVisualStudioVersion = 10.0.40219.1
Project("{FAE04EC0-301F-11D3-BF4B-00C04F79EFBC}") = "ConsoleAppgit", "ConsoleAppgit\ConsoleAppgit.csproj", "{5AC15B98-262B-4919-BF66-70DDB8EA0491}"
EndProject
Global
	GlobalSection(SolutionConfigurationPlatforms) = preSolution
		Debug|Any CPU = Debug|Any CPU
		Release|Any CPU = Release|Any CPU
	EndGlobalSection
	GlobalSection(ProjectConfigurationPlatforms) = postSolution
		{5AC15B98-262B-4919-BF66-70DDB8EA0491}.Debug|Any CPU.ActiveCfg = Debug|Any CPU
		{5AC15B98-262B-4919-BF66-70DDB8EA0491}.Debug|Any CPU.Build.0 = Debug|Any CPU
		{5AC15B98-262B-4919-BF66-70DDB8EA0491}.Release|Any CPU.ActiveCfg = Release|Any CPU
		{5AC15B98-262B-4919-BF66-70DDB8EA0491}.Release|Any CPU.Build.0 = Release|Any CPU
	EndGlobalSection
	GlobalSection(SolutionProperties) = preSolution
		HideSolutionNode = FALSE
	EndGlobalSection
	GlobalSection(ExtensibilityGlobals) = postSolution
		SolutionGuid = {61F0BA90-21F7-439C-8A65-0707A3252E49}
	EndGlobalSection
EndGlobal
